
Microsoft Visual Studio Solution File, Format Version 12.00
# Visual Studio 15
VisualStudioVersion = 15.0.26403.0
MinimumVisualStudioVersion = 10.0.40219.1
Project("{FAE04EC0-301F-11D3-BF4B-00C04F79EFBC}") = "ClimaAdmin", "ClimaAdmin\ClimaAdmin.csproj", "{2A24563E-AEEA-4287-8C13-083AAD91B34D}"
EndProject
Project("{FAE04EC0-301F-11D3-BF4B-00C04F79EFBC}") = "Clima", "Clima\Clima.csproj", "{BF13C909-A478-49FB-BCF7-404303C10B13}"
EndProject
Project("{F14B399A-7131-4C87-9E4B-1186C45EF12D}") = "ClimaSSRS", "ClimaSSRS\ClimaSSRS.rptproj", "{E526268C-B64F-49B0-B922-53931415ABB2}"
EndProject
Global
	GlobalSection(SolutionConfigurationPlatforms) = preSolution
		Debug|Any CPU = Debug|Any CPU
		DebugLocal|Any CPU = DebugLocal|Any CPU
		Release|Any CPU = Release|Any CPU
	EndGlobalSection
	GlobalSection(ProjectConfigurationPlatforms) = postSolution
		{2A24563E-AEEA-4287-8C13-083AAD91B34D}.Debug|Any CPU.ActiveCfg = Debug|Any CPU
		{2A24563E-AEEA-4287-8C13-083AAD91B34D}.Debug|Any CPU.Build.0 = Debug|Any CPU
		{2A24563E-AEEA-4287-8C13-083AAD91B34D}.DebugLocal|Any CPU.ActiveCfg = Debug|Any CPU
		{2A24563E-AEEA-4287-8C13-083AAD91B34D}.DebugLocal|Any CPU.Build.0 = Debug|Any CPU
		{2A24563E-AEEA-4287-8C13-083AAD91B34D}.Release|Any CPU.ActiveCfg = Release|Any CPU
		{2A24563E-AEEA-4287-8C13-083AAD91B34D}.Release|Any CPU.Build.0 = Release|Any CPU
		{BF13C909-A478-49FB-BCF7-404303C10B13}.Debug|Any CPU.ActiveCfg = Debug|Any CPU
		{BF13C909-A478-49FB-BCF7-404303C10B13}.Debug|Any CPU.Build.0 = Debug|Any CPU
		{BF13C909-A478-49FB-BCF7-404303C10B13}.DebugLocal|Any CPU.ActiveCfg = Debug|Any CPU
		{BF13C909-A478-49FB-BCF7-404303C10B13}.DebugLocal|Any CPU.Build.0 = Debug|Any CPU
		{BF13C909-A478-49FB-BCF7-404303C10B13}.Release|Any CPU.ActiveCfg = Release|Any CPU
		{BF13C909-A478-49FB-BCF7-404303C10B13}.Release|Any CPU.Build.0 = Release|Any CPU
		{E526268C-B64F-49B0-B922-53931415ABB2}.Debug|Any CPU.ActiveCfg = Debug
		{E526268C-B64F-49B0-B922-53931415ABB2}.Debug|Any CPU.Build.0 = Debug
		{E526268C-B64F-49B0-B922-53931415ABB2}.Debug|Any CPU.Deploy.0 = Debug
		{E526268C-B64F-49B0-B922-53931415ABB2}.DebugLocal|Any CPU.ActiveCfg = DebugLocal
		{E526268C-B64F-49B0-B922-53931415ABB2}.DebugLocal|Any CPU.Build.0 = DebugLocal
		{E526268C-B64F-49B0-B922-53931415ABB2}.Release|Any CPU.ActiveCfg = Release
		{E526268C-B64F-49B0-B922-53931415ABB2}.Release|Any CPU.Build.0 = Release
		{E526268C-B64F-49B0-B922-53931415ABB2}.Release|Any CPU.Deploy.0 = Release
	EndGlobalSection
	GlobalSection(SolutionProperties) = preSolution
		HideSolutionNode = FALSE
	EndGlobalSection
	GlobalSection(ExtensibilityGlobals) = postSolution
		SolutionGuid = {C8E1DA24-14B0-440F-991F-79BE60542646}
	EndGlobalSection
EndGlobal
